
Microsoft Visual Studio Solution File, Format Version 12.00
# Visual Studio Version 17
VisualStudioVersion = 17.13.35806.99 d17.13
MinimumVisualStudioVersion = 10.0.40219.1
Project("{FAE04EC0-301F-11D3-BF4B-00C04F79EFBC}") = "Path_to_stardom_TDV", "Path_to_stardom_TDV\Path_to_stardom_TDV.csproj", "{F5B92665-54C7-453E-B17C-51234CB9AE40}"
EndProject
Global
	GlobalSection(SolutionConfigurationPlatforms) = preSolution
		Debug|Any CPU = Debug|Any CPU
		Release|Any CPU = Release|Any CPU
	EndGlobalSection
	GlobalSection(ProjectConfigurationPlatforms) = postSolution
		{F5B92665-54C7-453E-B17C-51234CB9AE40}.Debug|Any CPU.ActiveCfg = Debug|Any CPU
		{F5B92665-54C7-453E-B17C-51234CB9AE40}.Debug|Any CPU.Build.0 = Debug|Any CPU
		{F5B92665-54C7-453E-B17C-51234CB9AE40}.Release|Any CPU.ActiveCfg = Release|Any CPU
		{F5B92665-54C7-453E-B17C-51234CB9AE40}.Release|Any CPU.Build.0 = Release|Any CPU
	EndGlobalSection
	GlobalSection(SolutionProperties) = preSolution
		HideSolutionNode = FALSE
	EndGlobalSection
	GlobalSection(ExtensibilityGlobals) = postSolution
		SolutionGuid = {0145408F-A5E1-4F6E-8E0E-07A1A7C19FE5}
	EndGlobalSection
EndGlobal
